// !$*UTF8*$!
{
	archiveVersion = 1;
	classes = {
	};
	objectVersion = 56;
	objects = {

/* Begin PBXBuildFile section */
		2A3A6DC02A59D849006A3014 /* Settings.bundle in Resources */ = {isa = PBXBuildFile; fileRef = 2A3A6DB72A59D849006A3014 /* Settings.bundle */; };
		2A3A6DC12A59D849006A3014 /* Assets.xcassets in Resources */ = {isa = PBXBuildFile; fileRef = 2A3A6DB82A59D849006A3014 /* Assets.xcassets */; };
		2A3A6DC22A59D849006A3014 /* Preview Assets.xcassets in Resources */ = {isa = PBXBuildFile; fileRef = 2A3A6DBA2A59D849006A3014 /* Preview Assets.xcassets */; };
		2A3A6DC32A59D849006A3014 /* UILibrariesApp.swift in Sources */ = {isa = PBXBuildFile; fileRef = 2A3A6DBC2A59D849006A3014 /* UILibrariesApp.swift */; };
		2A3A6DC42A59D849006A3014 /* WindowGroupID.swift in Sources */ = {isa = PBXBuildFile; fileRef = 2A3A6DBD2A59D849006A3014 /* WindowGroupID.swift */; };
		2A3A6DC52A59D849006A3014 /* AppDelegate.swift in Sources */ = {isa = PBXBuildFile; fileRef = 2A3A6DBE2A59D849006A3014 /* AppDelegate.swift */; };
		2A3A6DC62A59D849006A3014 /* RootView.swift in Sources */ = {isa = PBXBuildFile; fileRef = 2A3A6DBF2A59D849006A3014 /* RootView.swift */; };
/* End PBXBuildFile section */

/* Begin PBXFileReference section */
		2A2F616D2A4F28EB0058CD17 /* UILibraries.app */ = {isa = PBXFileReference; explicitFileType = wrapper.application; includeInIndex = 0; path = UILibraries.app; sourceTree = BUILT_PRODUCTS_DIR; };
		2A3A6DB72A59D849006A3014 /* Settings.bundle */ = {isa = PBXFileReference; lastKnownFileType = "wrapper.plug-in"; path = Settings.bundle; sourceTree = "<group>"; };
		2A3A6DB82A59D849006A3014 /* Assets.xcassets */ = {isa = PBXFileReference; lastKnownFileType = folder.assetcatalog; path = Assets.xcassets; sourceTree = "<group>"; };
		2A3A6DBA2A59D849006A3014 /* Preview Assets.xcassets */ = {isa = PBXFileReference; lastKnownFileType = folder.assetcatalog; path = "Preview Assets.xcassets"; sourceTree = "<group>"; };
		2A3A6DBC2A59D849006A3014 /* UILibrariesApp.swift */ = {isa = PBXFileReference; fileEncoding = 4; lastKnownFileType = sourcecode.swift; path = UILibrariesApp.swift; sourceTree = "<group>"; };
		2A3A6DBD2A59D849006A3014 /* WindowGroupID.swift */ = {isa = PBXFileReference; fileEncoding = 4; lastKnownFileType = sourcecode.swift; path = WindowGroupID.swift; sourceTree = "<group>"; };
		2A3A6DBE2A59D849006A3014 /* AppDelegate.swift */ = {isa = PBXFileReference; fileEncoding = 4; lastKnownFileType = sourcecode.swift; path = AppDelegate.swift; sourceTree = "<group>"; };
		2A3A6DBF2A59D849006A3014 /* RootView.swift */ = {isa = PBXFileReference; fileEncoding = 4; lastKnownFileType = sourcecode.swift; path = RootView.swift; sourceTree = "<group>"; };
/* End PBXFileReference section */

/* Begin PBXFrameworksBuildPhase section */
		2A2F616A2A4F28EB0058CD17 /* Frameworks */ = {
			isa = PBXFrameworksBuildPhase;
			buildActionMask = 2147483647;
			files = (
			);
			runOnlyForDeploymentPostprocessing = 0;
		};
/* End PBXFrameworksBuildPhase section */

/* Begin PBXGroup section */
		2A2F61642A4F28EB0058CD17 = {
			isa = PBXGroup;
			children = (
				2A3A6DB52A59D7E8006A3014 /* UILibraries */,
				2A2F616E2A4F28EB0058CD17 /* Products */,
			);
			sourceTree = "<group>";
		};
		2A2F616E2A4F28EB0058CD17 /* Products */ = {
			isa = PBXGroup;
			children = (
				2A2F616D2A4F28EB0058CD17 /* UILibraries.app */,
			);
			name = Products;
			sourceTree = "<group>";
		};
		2A3A6DB52A59D7E8006A3014 /* UILibraries */ = {
			isa = PBXGroup;
			children = (
				2A3A6DB62A59D849006A3014 /* Resources */,
				2A3A6DBB2A59D849006A3014 /* Sources */,
			);
			path = UILibraries;
			sourceTree = "<group>";
		};
		2A3A6DB62A59D849006A3014 /* Resources */ = {
			isa = PBXGroup;
			children = (
				2A3A6DB72A59D849006A3014 /* Settings.bundle */,
				2A3A6DB82A59D849006A3014 /* Assets.xcassets */,
				2A3A6DB92A59D849006A3014 /* Preview Content */,
			);
			path = Resources;
			sourceTree = "<group>";
		};
		2A3A6DB92A59D849006A3014 /* Preview Content */ = {
			isa = PBXGroup;
			children = (
				2A3A6DBA2A59D849006A3014 /* Preview Assets.xcassets */,
			);
			path = "Preview Content";
			sourceTree = "<group>";
		};
		2A3A6DBB2A59D849006A3014 /* Sources */ = {
			isa = PBXGroup;
			children = (
				2A3A6DBE2A59D849006A3014 /* AppDelegate.swift */,
				2A3A6DBF2A59D849006A3014 /* RootView.swift */,
				2A3A6DBC2A59D849006A3014 /* UILibrariesApp.swift */,
				2A3A6DBD2A59D849006A3014 /* WindowGroupID.swift */,
			);
			path = Sources;
			sourceTree = "<group>";
		};
/* End PBXGroup section */

/* Begin PBXLegacyTarget section */
		2A3A6DAC2A59CAB9006A3014 /* UpdateBuildTools */ = {
			isa = PBXLegacyTarget;
			buildArgumentsString = "./BuildTools/Scripts/update-build-tools.sh";
			buildConfigurationList = 2A3A6DAD2A59CAB9006A3014 /* Build configuration list for PBXLegacyTarget "UpdateBuildTools" */;
			buildPhases = (
			);
			buildToolPath = /bin/sh;
			buildWorkingDirectory = "";
			dependencies = (
			);
			name = UpdateBuildTools;
			passBuildSettingsInEnvironment = 1;
			productName = UpdateBuildTools;
		};
/* End PBXLegacyTarget section */

/* Begin PBXNativeTarget section */
		2A2F616C2A4F28EB0058CD17 /* UILibraries */ = {
			isa = PBXNativeTarget;
			buildConfigurationList = 2A2F617B2A4F28EC0058CD17 /* Build configuration list for PBXNativeTarget "UILibraries" */;
			buildPhases = (
				2A3A6DB22A59D0F9006A3014 /* Run SwiftFormat */,
				2AABCF572A59E1D8000CA445 /* Run SwiftLint */,
				2AABCF582A59E1E4000CA445 /* Run LicensePlist */,
				2A2F61692A4F28EB0058CD17 /* Sources */,
				2A2F616A2A4F28EB0058CD17 /* Frameworks */,
				2A2F616B2A4F28EB0058CD17 /* Resources */,
			);
			buildRules = (
			);
			dependencies = (
			);
			name = UILibraries;
			productName = UILibraries;
			productReference = 2A2F616D2A4F28EB0058CD17 /* UILibraries.app */;
			productType = "com.apple.product-type.application";
		};
/* End PBXNativeTarget section */

/* Begin PBXProject section */
		2A2F61652A4F28EB0058CD17 /* Project object */ = {
			isa = PBXProject;
			attributes = {
				BuildIndependentTargetsInParallel = 1;
				LastSwiftUpdateCheck = 1500;
				LastUpgradeCheck = 1500;
				TargetAttributes = {
					2A2F616C2A4F28EB0058CD17 = {
						CreatedOnToolsVersion = 15.0;
					};
					2A3A6DAC2A59CAB9006A3014 = {
						CreatedOnToolsVersion = 15.0;
					};
				};
			};
			buildConfigurationList = 2A2F61682A4F28EB0058CD17 /* Build configuration list for PBXProject "UILibraries" */;
			compatibilityVersion = "Xcode 14.0";
			developmentRegion = en;
			hasScannedForEncodings = 0;
			knownRegions = (
				en,
				Base,
			);
			mainGroup = 2A2F61642A4F28EB0058CD17;
			productRefGroup = 2A2F616E2A4F28EB0058CD17 /* Products */;
			projectDirPath = "";
			projectRoot = "";
			targets = (
				2A2F616C2A4F28EB0058CD17 /* UILibraries */,
				2A3A6DAC2A59CAB9006A3014 /* UpdateBuildTools */,
			);
		};
/* End PBXProject section */

/* Begin PBXResourcesBuildPhase section */
		2A2F616B2A4F28EB0058CD17 /* Resources */ = {
			isa = PBXResourcesBuildPhase;
			buildActionMask = 2147483647;
			files = (
				2A3A6DC12A59D849006A3014 /* Assets.xcassets in Resources */,
				2A3A6DC22A59D849006A3014 /* Preview Assets.xcassets in Resources */,
				2A3A6DC02A59D849006A3014 /* Settings.bundle in Resources */,
			);
			runOnlyForDeploymentPostprocessing = 0;
		};
/* End PBXResourcesBuildPhase section */

/* Begin PBXShellScriptBuildPhase section */
		2A3A6DB22A59D0F9006A3014 /* Run SwiftFormat */ = {
			isa = PBXShellScriptBuildPhase;
			alwaysOutOfDate = 1;
			buildActionMask = 2147483647;
			files = (
			);
			inputFileListPaths = (
			);
			inputPaths = (
			);
			name = "Run SwiftFormat";
			outputFileListPaths = (
			);
			outputPaths = (
			);
			runOnlyForDeploymentPostprocessing = 0;
			shellPath = /bin/sh;
			shellScript = "# Xcode Preview のビルド時はスクリプトを実行しない\nif [ $ENABLE_PREVIEWS == \"YES\" ]; then\n  exit 0\nfi\n\n$SRCROOT/BuildTools/.build/release/swiftformat $SRCROOT/${PRODUCT_NAME}/Sources\n";
		};
		2AABCF572A59E1D8000CA445 /* Run SwiftLint */ = {
			isa = PBXShellScriptBuildPhase;
			alwaysOutOfDate = 1;
			buildActionMask = 2147483647;
			files = (
			);
			inputFileListPaths = (
			);
			inputPaths = (
			);
			name = "Run SwiftLint";
			outputFileListPaths = (
			);
			outputPaths = (
			);
			runOnlyForDeploymentPostprocessing = 0;
			shellPath = /bin/sh;
			shellScript = "# Xcode Preview のビルド時はスクリプトを実行しない\nif [ $ENABLE_PREVIEWS == \"YES\" ]; then\n  exit 0\nfi\n\n$SRCROOT/BuildTools/.build/release/swiftlint $SRCROOT/${PRODUCT_NAME}/Sources\n";
		};
		2AABCF582A59E1E4000CA445 /* Run LicensePlist */ = {
			isa = PBXShellScriptBuildPhase;
			alwaysOutOfDate = 1;
			buildActionMask = 2147483647;
			files = (
			);
			inputFileListPaths = (
			);
			inputPaths = (
			);
			name = "Run LicensePlist";
			outputFileListPaths = (
			);
			outputPaths = (
			);
			runOnlyForDeploymentPostprocessing = 0;
			shellPath = /bin/sh;
			shellScript = "# Xcode Preview のビルド時はスクリプトを実行しない\nif [ $ENABLE_PREVIEWS == \"YES\" ]; then\n  exit 0\nfi\n\n$SRCROOT/BuildTools/.build/release/license-plist --package-path $SRCROOT/BuildTools/Package.resolved --output-path $SRCROOT/${PRODUCT_NAME}/Resources/Settings.bundle --verbose\n";
		};
/* End PBXShellScriptBuildPhase section */

/* Begin PBXSourcesBuildPhase section */
		2A2F61692A4F28EB0058CD17 /* Sources */ = {
			isa = PBXSourcesBuildPhase;
			buildActionMask = 2147483647;
			files = (
				2A3A6DC52A59D849006A3014 /* AppDelegate.swift in Sources */,
				2A3A6DC42A59D849006A3014 /* WindowGroupID.swift in Sources */,
				2A3A6DC62A59D849006A3014 /* RootView.swift in Sources */,
				2A3A6DC32A59D849006A3014 /* UILibrariesApp.swift in Sources */,
			);
			runOnlyForDeploymentPostprocessing = 0;
		};
/* End PBXSourcesBuildPhase section */

/* Begin XCBuildConfiguration section */
		2A2F61792A4F28EC0058CD17 /* Debug */ = {
			isa = XCBuildConfiguration;
			buildSettings = {
				ALWAYS_SEARCH_USER_PATHS = NO;
				ASSETCATALOG_COMPILER_GENERATE_SWIFT_ASSET_SYMBOL_EXTENSIONS = YES;
				CLANG_ANALYZER_NONNULL = YES;
				CLANG_ANALYZER_NUMBER_OBJECT_CONVERSION = YES_AGGRESSIVE;
				CLANG_CXX_LANGUAGE_STANDARD = "gnu++20";
				CLANG_ENABLE_MODULES = YES;
				CLANG_ENABLE_OBJC_ARC = YES;
				CLANG_ENABLE_OBJC_WEAK = YES;
				CLANG_WARN_BLOCK_CAPTURE_AUTORELEASING = YES;
				CLANG_WARN_BOOL_CONVERSION = YES;
				CLANG_WARN_COMMA = YES;
				CLANG_WARN_CONSTANT_CONVERSION = YES;
				CLANG_WARN_DEPRECATED_OBJC_IMPLEMENTATIONS = YES;
				CLANG_WARN_DIRECT_OBJC_ISA_USAGE = YES_ERROR;
				CLANG_WARN_DOCUMENTATION_COMMENTS = YES;
				CLANG_WARN_EMPTY_BODY = YES;
				CLANG_WARN_ENUM_CONVERSION = YES;
				CLANG_WARN_INFINITE_RECURSION = YES;
				CLANG_WARN_INT_CONVERSION = YES;
				CLANG_WARN_NON_LITERAL_NULL_CONVERSION = YES;
				CLANG_WARN_OBJC_IMPLICIT_RETAIN_SELF = YES;
				CLANG_WARN_OBJC_LITERAL_CONVERSION = YES;
				CLANG_WARN_OBJC_ROOT_CLASS = YES_ERROR;
				CLANG_WARN_QUOTED_INCLUDE_IN_FRAMEWORK_HEADER = YES;
				CLANG_WARN_RANGE_LOOP_ANALYSIS = YES;
				CLANG_WARN_STRICT_PROTOTYPES = YES;
				CLANG_WARN_SUSPICIOUS_MOVE = YES;
				CLANG_WARN_UNGUARDED_AVAILABILITY = YES_AGGRESSIVE;
				CLANG_WARN_UNREACHABLE_CODE = YES;
				CLANG_WARN__DUPLICATE_METHOD_MATCH = YES;
				COPY_PHASE_STRIP = NO;
				DEBUG_INFORMATION_FORMAT = dwarf;
				ENABLE_STRICT_OBJC_MSGSEND = YES;
				ENABLE_TESTABILITY = YES;
				ENABLE_USER_SCRIPT_SANDBOXING = NO;
				GCC_C_LANGUAGE_STANDARD = gnu17;
				GCC_DYNAMIC_NO_PIC = NO;
				GCC_NO_COMMON_BLOCKS = YES;
				GCC_OPTIMIZATION_LEVEL = 0;
				GCC_PREPROCESSOR_DEFINITIONS = (
					"DEBUG=1",
					"$(inherited)",
				);
				GCC_WARN_64_TO_32_BIT_CONVERSION = YES;
				GCC_WARN_ABOUT_RETURN_TYPE = YES_ERROR;
				GCC_WARN_UNDECLARED_SELECTOR = YES;
				GCC_WARN_UNINITIALIZED_AUTOS = YES_AGGRESSIVE;
				GCC_WARN_UNUSED_FUNCTION = YES;
				GCC_WARN_UNUSED_VARIABLE = YES;
				IPHONEOS_DEPLOYMENT_TARGET = 17.0;
				LOCALIZATION_PREFERS_STRING_CATALOGS = YES;
				MTL_ENABLE_DEBUG_INFO = INCLUDE_SOURCE;
				MTL_FAST_MATH = YES;
				ONLY_ACTIVE_ARCH = YES;
				SDKROOT = iphoneos;
				SWIFT_ACTIVE_COMPILATION_CONDITIONS = "DEBUG $(inherited)";
				SWIFT_OPTIMIZATION_LEVEL = "-Onone";
			};
			name = Debug;
		};
		2A2F617A2A4F28EC0058CD17 /* Release */ = {
			isa = XCBuildConfiguration;
			buildSettings = {
				ALWAYS_SEARCH_USER_PATHS = NO;
				ASSETCATALOG_COMPILER_GENERATE_SWIFT_ASSET_SYMBOL_EXTENSIONS = YES;
				CLANG_ANALYZER_NONNULL = YES;
				CLANG_ANALYZER_NUMBER_OBJECT_CONVERSION = YES_AGGRESSIVE;
				CLANG_CXX_LANGUAGE_STANDARD = "gnu++20";
				CLANG_ENABLE_MODULES = YES;
				CLANG_ENABLE_OBJC_ARC = YES;
				CLANG_ENABLE_OBJC_WEAK = YES;
				CLANG_WARN_BLOCK_CAPTURE_AUTORELEASING = YES;
				CLANG_WARN_BOOL_CONVERSION = YES;
				CLANG_WARN_COMMA = YES;
				CLANG_WARN_CONSTANT_CONVERSION = YES;
				CLANG_WARN_DEPRECATED_OBJC_IMPLEMENTATIONS = YES;
				CLANG_WARN_DIRECT_OBJC_ISA_USAGE = YES_ERROR;
				CLANG_WARN_DOCUMENTATION_COMMENTS = YES;
				CLANG_WARN_EMPTY_BODY = YES;
				CLANG_WARN_ENUM_CONVERSION = YES;
				CLANG_WARN_INFINITE_RECURSION = YES;
				CLANG_WARN_INT_CONVERSION = YES;
				CLANG_WARN_NON_LITERAL_NULL_CONVERSION = YES;
				CLANG_WARN_OBJC_IMPLICIT_RETAIN_SELF = YES;
				CLANG_WARN_OBJC_LITERAL_CONVERSION = YES;
				CLANG_WARN_OBJC_ROOT_CLASS = YES_ERROR;
				CLANG_WARN_QUOTED_INCLUDE_IN_FRAMEWORK_HEADER = YES;
				CLANG_WARN_RANGE_LOOP_ANALYSIS = YES;
				CLANG_WARN_STRICT_PROTOTYPES = YES;
				CLANG_WARN_SUSPICIOUS_MOVE = YES;
				CLANG_WARN_UNGUARDED_AVAILABILITY = YES_AGGRESSIVE;
				CLANG_WARN_UNREACHABLE_CODE = YES;
				CLANG_WARN__DUPLICATE_METHOD_MATCH = YES;
				COPY_PHASE_STRIP = NO;
				DEBUG_INFORMATION_FORMAT = "dwarf-with-dsym";
				ENABLE_NS_ASSERTIONS = NO;
				ENABLE_STRICT_OBJC_MSGSEND = YES;
				ENABLE_USER_SCRIPT_SANDBOXING = NO;
				GCC_C_LANGUAGE_STANDARD = gnu17;
				GCC_NO_COMMON_BLOCKS = YES;
				GCC_WARN_64_TO_32_BIT_CONVERSION = YES;
				GCC_WARN_ABOUT_RETURN_TYPE = YES_ERROR;
				GCC_WARN_UNDECLARED_SELECTOR = YES;
				GCC_WARN_UNINITIALIZED_AUTOS = YES_AGGRESSIVE;
				GCC_WARN_UNUSED_FUNCTION = YES;
				GCC_WARN_UNUSED_VARIABLE = YES;
				IPHONEOS_DEPLOYMENT_TARGET = 17.0;
				LOCALIZATION_PREFERS_STRING_CATALOGS = YES;
				MTL_ENABLE_DEBUG_INFO = NO;
				MTL_FAST_MATH = YES;
				SDKROOT = iphoneos;
				SWIFT_COMPILATION_MODE = wholemodule;
				VALIDATE_PRODUCT = YES;
			};
			name = Release;
		};
		2A2F617C2A4F28EC0058CD17 /* Debug */ = {
			isa = XCBuildConfiguration;
			buildSettings = {
				ASSETCATALOG_COMPILER_APPICON_NAME = AppIcon;
				ASSETCATALOG_COMPILER_GLOBAL_ACCENT_COLOR_NAME = AccentColor;
				CODE_SIGN_STYLE = Automatic;
				CURRENT_PROJECT_VERSION = 1;
				DEVELOPMENT_ASSET_PATHS = "\"${PRODUCT_NAME}/Resources/Preview Content\"";
				ENABLE_PREVIEWS = YES;
				GENERATE_INFOPLIST_FILE = YES;
				INFOPLIST_KEY_LSApplicationCategoryType = "public.app-category.developer-tools";
				INFOPLIST_KEY_UIApplicationSceneManifest_Generation = YES;
				INFOPLIST_KEY_UIApplicationSupportsIndirectInputEvents = YES;
				INFOPLIST_KEY_UILaunchScreen_Generation = YES;
				INFOPLIST_KEY_UISupportedInterfaceOrientations_iPad = "UIInterfaceOrientationPortrait UIInterfaceOrientationPortraitUpsideDown UIInterfaceOrientationLandscapeLeft UIInterfaceOrientationLandscapeRight";
				INFOPLIST_KEY_UISupportedInterfaceOrientations_iPhone = "UIInterfaceOrientationPortrait UIInterfaceOrientationLandscapeLeft UIInterfaceOrientationLandscapeRight";
				LD_RUNPATH_SEARCH_PATHS = (
					"$(inherited)",
					"@executable_path/Frameworks",
				);
				MACOSX_DEPLOYMENT_TARGET = 14.0;
				MARKETING_VERSION = 1.0;
				PRODUCT_BUNDLE_IDENTIFIER = jp.yuki.noseda.UILibraries;
				PRODUCT_NAME = "$(TARGET_NAME)";
				SUPPORTED_PLATFORMS = "iphoneos iphonesimulator xros xrsimulator";
				SUPPORTS_MACCATALYST = NO;
				SUPPORTS_MAC_DESIGNED_FOR_IPHONE_IPAD = YES;
				SUPPORTS_XR_DESIGNED_FOR_IPHONE_IPAD = NO;
				SWIFT_EMIT_LOC_STRINGS = YES;
				SWIFT_VERSION = 5.0;
				TARGETED_DEVICE_FAMILY = "1,2";
			};
			name = Debug;
		};
		2A2F617D2A4F28EC0058CD17 /* Release */ = {
			isa = XCBuildConfiguration;
			buildSettings = {
				ASSETCATALOG_COMPILER_APPICON_NAME = AppIcon;
				ASSETCATALOG_COMPILER_GLOBAL_ACCENT_COLOR_NAME = AccentColor;
				CODE_SIGN_STYLE = Automatic;
				CURRENT_PROJECT_VERSION = 1;
				DEVELOPMENT_ASSET_PATHS = "\"${PRODUCT_NAME}/Resources/Preview Content\"";
				ENABLE_PREVIEWS = YES;
				GENERATE_INFOPLIST_FILE = YES;
				INFOPLIST_KEY_LSApplicationCategoryType = "public.app-category.developer-tools";
				INFOPLIST_KEY_UIApplicationSceneManifest_Generation = YES;
				INFOPLIST_KEY_UIApplicationSupportsIndirectInputEvents = YES;
				INFOPLIST_KEY_UILaunchScreen_Generation = YES;
				INFOPLIST_KEY_UISupportedInterfaceOrientations_iPad = "UIInterfaceOrientationPortrait UIInterfaceOrientationPortraitUpsideDown UIInterfaceOrientationLandscapeLeft UIInterfaceOrientationLandscapeRight";
				INFOPLIST_KEY_UISupportedInterfaceOrientations_iPhone = "UIInterfaceOrientationPortrait UIInterfaceOrientationLandscapeLeft UIInterfaceOrientationLandscapeRight";
				LD_RUNPATH_SEARCH_PATHS = (
					"$(inherited)",
					"@executable_path/Frameworks",
				);
				MACOSX_DEPLOYMENT_TARGET = 14.0;
				MARKETING_VERSION = 1.0;
				PRODUCT_BUNDLE_IDENTIFIER = jp.yuki.noseda.UILibraries;
				PRODUCT_NAME = "$(TARGET_NAME)";
				SUPPORTED_PLATFORMS = "iphoneos iphonesimulator xros xrsimulator";
				SUPPORTS_MACCATALYST = NO;
				SUPPORTS_MAC_DESIGNED_FOR_IPHONE_IPAD = YES;
				SUPPORTS_XR_DESIGNED_FOR_IPHONE_IPAD = NO;
				SWIFT_EMIT_LOC_STRINGS = YES;
				SWIFT_VERSION = 5.0;
				TARGETED_DEVICE_FAMILY = "1,2";
			};
			name = Release;
		};
		2A3A6DAE2A59CAB9006A3014 /* Debug */ = {
			isa = XCBuildConfiguration;
			buildSettings = {
				CODE_SIGN_STYLE = Automatic;
				DEBUGGING_SYMBOLS = YES;
				DEBUG_INFORMATION_FORMAT = dwarf;
				GCC_GENERATE_DEBUGGING_SYMBOLS = YES;
				GCC_OPTIMIZATION_LEVEL = 0;
				OTHER_CFLAGS = "";
				OTHER_LDFLAGS = "";
				PRODUCT_NAME = "$(TARGET_NAME)";
			};
			name = Debug;
		};
		2A3A6DAF2A59CAB9006A3014 /* Release */ = {
			isa = XCBuildConfiguration;
			buildSettings = {
				CODE_SIGN_STYLE = Automatic;
				DEBUG_INFORMATION_FORMAT = "dwarf-with-dsym";
				OTHER_CFLAGS = "";
				OTHER_LDFLAGS = "";
				PRODUCT_NAME = "$(TARGET_NAME)";
			};
			name = Release;
		};
/* End XCBuildConfiguration section */

/* Begin XCConfigurationList section */
		2A2F61682A4F28EB0058CD17 /* Build configuration list for PBXProject "UILibraries" */ = {
			isa = XCConfigurationList;
			buildConfigurations = (
				2A2F61792A4F28EC0058CD17 /* Debug */,
				2A2F617A2A4F28EC0058CD17 /* Release */,
			);
			defaultConfigurationIsVisible = 0;
			defaultConfigurationName = Release;
		};
		2A2F617B2A4F28EC0058CD17 /* Build configuration list for PBXNativeTarget "UILibraries" */ = {
			isa = XCConfigurationList;
			buildConfigurations = (
				2A2F617C2A4F28EC0058CD17 /* Debug */,
				2A2F617D2A4F28EC0058CD17 /* Release */,
			);
			defaultConfigurationIsVisible = 0;
			defaultConfigurationName = Release;
		};
		2A3A6DAD2A59CAB9006A3014 /* Build configuration list for PBXLegacyTarget "UpdateBuildTools" */ = {
			isa = XCConfigurationList;
			buildConfigurations = (
				2A3A6DAE2A59CAB9006A3014 /* Debug */,
				2A3A6DAF2A59CAB9006A3014 /* Release */,
			);
			defaultConfigurationIsVisible = 0;
			defaultConfigurationName = Release;
		};
/* End XCConfigurationList section */
	};
	rootObject = 2A2F61652A4F28EB0058CD17 /* Project object */;
}
